
Microsoft Visual Studio Solution File, Format Version 12.00
# Visual Studio Version 17
VisualStudioVersion = 17.7.34031.279
MinimumVisualStudioVersion = 10.0.40219.1
Project("{FAE04EC0-301F-11D3-BF4B-00C04F79EFBC}") = "NhanVienCTy", "NhanVienCTy.csproj", "{6B5855D7-5142-4404-8806-4A9A9979989E}"
EndProject
Global
	GlobalSection(SolutionConfigurationPlatforms) = preSolution
		Debug|Any CPU = Debug|Any CPU
		Release|Any CPU = Release|Any CPU
	EndGlobalSection
	GlobalSection(ProjectConfigurationPlatforms) = postSolution
		{6B5855D7-5142-4404-8806-4A9A9979989E}.Debug|Any CPU.ActiveCfg = Debug|Any CPU
		{6B5855D7-5142-4404-8806-4A9A9979989E}.Debug|Any CPU.Build.0 = Debug|Any CPU
		{6B5855D7-5142-4404-8806-4A9A9979989E}.Release|Any CPU.ActiveCfg = Release|Any CPU
		{6B5855D7-5142-4404-8806-4A9A9979989E}.Release|Any CPU.Build.0 = Release|Any CPU
	EndGlobalSection
	GlobalSection(SolutionProperties) = preSolution
		HideSolutionNode = FALSE
	EndGlobalSection
	GlobalSection(ExtensibilityGlobals) = postSolution
		SolutionGuid = {E763787D-716D-47E4-A27A-DC2B19ED5FE2}
	EndGlobalSection
EndGlobal
